
Microsoft Visual Studio Solution File, Format Version 12.00
# Visual Studio Version 17
VisualStudioVersion = 17.4.33205.214
MinimumVisualStudioVersion = 10.0.40219.1
Project("{FAE04EC0-301F-11D3-BF4B-00C04F79EFBC}") = "Shape", "Shape\Shape.csproj", "{209FEB37-82AB-40E4-BCB6-3D36CF57B4F8}"
EndProject
Project("{FAE04EC0-301F-11D3-BF4B-00C04F79EFBC}") = "ShapeFactory", "ShapeFactory\ShapeFactory.csproj", "{673A235E-3C37-49AA-A097-D3020CCAC7EC}"
EndProject
Global
	GlobalSection(SolutionConfigurationPlatforms) = preSolution
		Debug|Any CPU = Debug|Any CPU
		Release|Any CPU = Release|Any CPU
	EndGlobalSection
	GlobalSection(ProjectConfigurationPlatforms) = postSolution
		{209FEB37-82AB-40E4-BCB6-3D36CF57B4F8}.Debug|Any CPU.ActiveCfg = Debug|Any CPU
		{209FEB37-82AB-40E4-BCB6-3D36CF57B4F8}.Debug|Any CPU.Build.0 = Debug|Any CPU
		{209FEB37-82AB-40E4-BCB6-3D36CF57B4F8}.Release|Any CPU.ActiveCfg = Release|Any CPU
		{209FEB37-82AB-40E4-BCB6-3D36CF57B4F8}.Release|Any CPU.Build.0 = Release|Any CPU
		{673A235E-3C37-49AA-A097-D3020CCAC7EC}.Debug|Any CPU.ActiveCfg = Debug|Any CPU
		{673A235E-3C37-49AA-A097-D3020CCAC7EC}.Debug|Any CPU.Build.0 = Debug|Any CPU
		{673A235E-3C37-49AA-A097-D3020CCAC7EC}.Release|Any CPU.ActiveCfg = Release|Any CPU
		{673A235E-3C37-49AA-A097-D3020CCAC7EC}.Release|Any CPU.Build.0 = Release|Any CPU
	EndGlobalSection
	GlobalSection(SolutionProperties) = preSolution
		HideSolutionNode = FALSE
	EndGlobalSection
	GlobalSection(ExtensibilityGlobals) = postSolution
		SolutionGuid = {527C02BE-2B02-417E-81C9-254A1ED42D91}
	EndGlobalSection
EndGlobal
